
Microsoft Visual Studio Solution File, Format Version 9.00
# Visual Studio 2005
Project("{8BC9CEB8-8B4A-11D0-8D11-00A0C91BC942}") = "nedclib", "nedclib\nedclib.vcproj", "{769886E8-DFDF-482C-91E7-6DAD5147667F}"
EndProject
Project("{8BC9CEB8-8B4A-11D0-8D11-00A0C91BC942}") = "raw2bmp", "raw2bmp\raw2bmp.vcproj", "{5E3A3169-74BC-4CF8-9FA3-C15E90709C3D}"
	ProjectSection(ProjectDependencies) = postProject
		{769886E8-DFDF-482C-91E7-6DAD5147667F} = {769886E8-DFDF-482C-91E7-6DAD5147667F}
	EndProjectSection
EndProject
Project("{8BC9CEB8-8B4A-11D0-8D11-00A0C91BC942}") = "nedcenc", "nedcenc\nedcenc.vcproj", "{EB2D271F-9189-42C0-9DB1-00FD8A01EEF7}"
	ProjectSection(ProjectDependencies) = postProject
		{769886E8-DFDF-482C-91E7-6DAD5147667F} = {769886E8-DFDF-482C-91E7-6DAD5147667F}
	EndProjectSection
EndProject
Project("{8BC9CEB8-8B4A-11D0-8D11-00A0C91BC942}") = "nedcmake", "nedcmake\nedcmake.vcproj", "{EF88DBD4-43FC-46E7-BA81-4B0C78ABE43A}"
	ProjectSection(ProjectDependencies) = postProject
		{769886E8-DFDF-482C-91E7-6DAD5147667F} = {769886E8-DFDF-482C-91E7-6DAD5147667F}
	EndProjectSection
EndProject
Project("{8BC9CEB8-8B4A-11D0-8D11-00A0C91BC942}") = "nevpk", "nevpk\nevpk.vcproj", "{AB270997-8D77-49FA-8238-05862B2EAB0C}"
	ProjectSection(ProjectDependencies) = postProject
		{769886E8-DFDF-482C-91E7-6DAD5147667F} = {769886E8-DFDF-482C-91E7-6DAD5147667F}
	EndProjectSection
EndProject
Project("{2150E333-8FDC-42A3-9474-1A3956D46DE8}") = "Solution Items", "Solution Items", "{D722C23A-F140-4777-B39A-9ED75920CF25}"
	ProjectSection(SolutionItems) = preProject
		ereader card info.txt = ereader card info.txt
		gpl.txt = gpl.txt
		history (nedcmake).txt = history (nedcmake).txt
		history (nevpk).txt = history (nevpk).txt
		history (raw2bmp).txt = history (raw2bmp).txt
		nedclib_dll.txt = nedclib_dll.txt
		ReadMe (nedcenc).txt = ReadMe (nedcenc).txt
	EndProjectSection
EndProject
Global
	GlobalSection(SolutionConfigurationPlatforms) = preSolution
		Debug|Win32 = Debug|Win32
		Release|Win32 = Release|Win32
	EndGlobalSection
	GlobalSection(ProjectConfigurationPlatforms) = postSolution
		{769886E8-DFDF-482C-91E7-6DAD5147667F}.Debug|Win32.ActiveCfg = Debug|Win32
		{769886E8-DFDF-482C-91E7-6DAD5147667F}.Debug|Win32.Build.0 = Debug|Win32
		{769886E8-DFDF-482C-91E7-6DAD5147667F}.Release|Win32.ActiveCfg = Release|Win32
		{769886E8-DFDF-482C-91E7-6DAD5147667F}.Release|Win32.Build.0 = Release|Win32
		{5E3A3169-74BC-4CF8-9FA3-C15E90709C3D}.Debug|Win32.ActiveCfg = Debug|Win32
		{5E3A3169-74BC-4CF8-9FA3-C15E90709C3D}.Debug|Win32.Build.0 = Debug|Win32
		{5E3A3169-74BC-4CF8-9FA3-C15E90709C3D}.Release|Win32.ActiveCfg = Release|Win32
		{5E3A3169-74BC-4CF8-9FA3-C15E90709C3D}.Release|Win32.Build.0 = Release|Win32
		{EB2D271F-9189-42C0-9DB1-00FD8A01EEF7}.Debug|Win32.ActiveCfg = Debug|Win32
		{EB2D271F-9189-42C0-9DB1-00FD8A01EEF7}.Debug|Win32.Build.0 = Debug|Win32
		{EB2D271F-9189-42C0-9DB1-00FD8A01EEF7}.Release|Win32.ActiveCfg = Release|Win32
		{EB2D271F-9189-42C0-9DB1-00FD8A01EEF7}.Release|Win32.Build.0 = Release|Win32
		{EF88DBD4-43FC-46E7-BA81-4B0C78ABE43A}.Debug|Win32.ActiveCfg = Debug|Win32
		{EF88DBD4-43FC-46E7-BA81-4B0C78ABE43A}.Debug|Win32.Build.0 = Debug|Win32
		{EF88DBD4-43FC-46E7-BA81-4B0C78ABE43A}.Release|Win32.ActiveCfg = Release|Win32
		{EF88DBD4-43FC-46E7-BA81-4B0C78ABE43A}.Release|Win32.Build.0 = Release|Win32
		{AB270997-8D77-49FA-8238-05862B2EAB0C}.Debug|Win32.ActiveCfg = Debug|Win32
		{AB270997-8D77-49FA-8238-05862B2EAB0C}.Debug|Win32.Build.0 = Debug|Win32
		{AB270997-8D77-49FA-8238-05862B2EAB0C}.Release|Win32.ActiveCfg = Release|Win32
		{AB270997-8D77-49FA-8238-05862B2EAB0C}.Release|Win32.Build.0 = Release|Win32
	EndGlobalSection
	GlobalSection(SolutionProperties) = preSolution
		HideSolutionNode = FALSE
	EndGlobalSection
EndGlobal
